
Microsoft Visual Studio Solution File, Format Version 12.00
# Visual Studio Version 17
VisualStudioVersion = 17.4.33205.214
MinimumVisualStudioVersion = 10.0.40219.1
Project("{FAE04EC0-301F-11D3-BF4B-00C04F79EFBC}") = "tech-cards-creator", "tech-cards-creator\tech-cards-creator.csproj", "{CC1B1191-095B-4C02-A8BE-C8023158D956}"
EndProject
Global
	GlobalSection(SolutionConfigurationPlatforms) = preSolution
		Debug|Any CPU = Debug|Any CPU
		Release|Any CPU = Release|Any CPU
	EndGlobalSection
	GlobalSection(ProjectConfigurationPlatforms) = postSolution
		{CC1B1191-095B-4C02-A8BE-C8023158D956}.Debug|Any CPU.ActiveCfg = Debug|Any CPU
		{CC1B1191-095B-4C02-A8BE-C8023158D956}.Debug|Any CPU.Build.0 = Debug|Any CPU
		{CC1B1191-095B-4C02-A8BE-C8023158D956}.Release|Any CPU.ActiveCfg = Release|Any CPU
		{CC1B1191-095B-4C02-A8BE-C8023158D956}.Release|Any CPU.Build.0 = Release|Any CPU
	EndGlobalSection
	GlobalSection(SolutionProperties) = preSolution
		HideSolutionNode = FALSE
	EndGlobalSection
	GlobalSection(ExtensibilityGlobals) = postSolution
		SolutionGuid = {A4ECD9C3-A111-4E8D-B2AC-DB16DCBDADAC}
	EndGlobalSection
EndGlobal
